{
  "nodes": {
    "nixpkgs": {
      "locked": {
        "lastModified": 1782535326,
        "narHash": "sha256-ZeRxu4yn6shd3SNF5ZUQb4r7BaVo1zBKMjRhfoNSBmw=",
        "type": "tarball",
        "url": "https://github.hlug.cn/https://github.com/NixOS/nixpkgs/archive/nixos-26.05.tar.gz"
      },
      "original": {
        "type": "tarball",
        "url": "https://github.hlug.cn/https://github.com/NixOS/nixpkgs/archive/nixos-26.05.tar.gz"
      }
    },
    "root": {
      "inputs": {
        "nixpkgs": "nixpkgs"
      }
    }
  },
  "root": "root",
  "version": 7
}
